{"filter":false,"title":"Gemfile.lock","tooltip":"/Gemfile.lock","undoManager":{"mark":-1,"position":-1,"stack":[]},"ace":{"folds":[],"scrolltop":5004.5,"scrollleft":0,"selection":{"start":{"row":333,"column":28},"end":{"row":333,"column":28},"isBackwards":false},"options":{"guessTabSize":true,"useWrapMode":false,"wrapToView":true},"firstLineState":{"row":311,"state":"start","mode":"ace/mode/text"}},"timestamp":1586565852690,"hash":"7d8f8b82ec70263ef5dc37ed681532d724342ddf"}