{"filter":false,"title":"Gemfile.lock","tooltip":"/Gemfile.lock","ace":{"folds":[],"scrolltop":0,"scrollleft":0,"selection":{"start":{"row":10,"column":30},"end":{"row":10,"column":30},"isBackwards":false},"options":{"guessTabSize":true,"useWrapMode":false,"wrapToView":true},"firstLineState":0},"hash":"27a62b04766a32ce8c31815299ed656769b0a9c1","undoManager":{"mark":-1,"position":-1,"stack":[]},"timestamp":1586865526597}